
Microsoft Visual Studio Solution File, Format Version 10.00
# Visual Studio 2008
Project("{FAE04EC0-301F-11D3-BF4B-00C04F79EFBC}") = "SurfaceSlide", "TestTransforms\SurfaceSlide.csproj", "{3DD2ABFB-F8B4-47CF-83FE-8C3FC5400FDC}"
EndProject
Global
	GlobalSection(SolutionConfigurationPlatforms) = preSolution
		Debug|Any CPU = Debug|Any CPU
		Release|Any CPU = Release|Any CPU
	EndGlobalSection
	GlobalSection(ProjectConfigurationPlatforms) = postSolution
		{3DD2ABFB-F8B4-47CF-83FE-8C3FC5400FDC}.Debug|Any CPU.ActiveCfg = Debug|Any CPU
		{3DD2ABFB-F8B4-47CF-83FE-8C3FC5400FDC}.Debug|Any CPU.Build.0 = Debug|Any CPU
		{3DD2ABFB-F8B4-47CF-83FE-8C3FC5400FDC}.Release|Any CPU.ActiveCfg = Release|Any CPU
		{3DD2ABFB-F8B4-47CF-83FE-8C3FC5400FDC}.Release|Any CPU.Build.0 = Release|Any CPU
	EndGlobalSection
	GlobalSection(SolutionProperties) = preSolution
		HideSolutionNode = FALSE
	EndGlobalSection
EndGlobal
